PODS:
  - Alamofire (4.8.2)
  - Cosmos (21.0.0)
  - CreditCardValidator (0.4)
  - DZNEmptyDataSet (1.8.1)
  - GoogleMaps (3.9.0):
    - GoogleMaps/Maps (= 3.9.0)
  - GoogleMaps/Base (3.9.0)
  - GoogleMaps/Maps (3.9.0):
    - GoogleMaps/Base
  - GooglePlaces (3.9.0):
    - GoogleMaps/Base (= 3.9.0)
  - GPUImage (0.1.7)
  - IQKeyboardManagerSwift (6.4.1)
  - LGSideMenuController (2.1.1)
  - MBProgressHUD (1.2.0)
  - RangeSeekSlider (1.8.0)
  - SDWebImage (5.1.0):
    - SDWebImage/Core (= 5.1.0)
  - SDWebImage/Core (5.1.0)
  - SKCountryPicker (1.2.8)
  - SKPhotoBrowser (6.1.0)
  - SkyFloatingLabelTextField (3.8.0)
  - Socket.IO-Client-Swift (15.2.0):
    - Starscream (~> 3.1)
  - Starscream (3.1.1)
  - SVPinView (1.0.8)
  - SwiftGifOrigin (1.7.0)
  - SwiftMessages (7.0.1):
    - SwiftMessages/App (= 7.0.1)
  - SwiftMessages/App (7.0.1)
  - SwiftyJSON (5.0.0)
  - TesseractOCRiOS (5.0.1)
  - TOCropViewController (2.5.2)
  - TwilioVoice (5.3.1)

DEPENDENCIES:
  - Alamofire
  - Cosmos
  - CreditCardValidator
  - DZNEmptyDataSet
  - GoogleMaps
  - GooglePlaces
  - GPUImage
  - IQKeyboardManagerSwift
  - LGSideMenuController
  - MBProgressHUD
  - RangeSeekSlider
  - SDWebImage
  - SKCountryPicker
  - SKPhotoBrowser
  - SkyFloatingLabelTextField
  - Socket.IO-Client-Swift
  - SVPinView
  - SwiftGifOrigin
  - SwiftMessages
  - SwiftyJSON
  - TesseractOCRiOS
  - TOCropViewController
  - TwilioVoice

SPEC REPOS:
  trunk:
    - Alamofire
    - Cosmos
    - CreditCardValidator
    - DZNEmptyDataSet
    - GoogleMaps
    - GooglePlaces
    - GPUImage
    - IQKeyboardManagerSwift
    - LGSideMenuController
    - MBProgressHUD
    - RangeSeekSlider
    - SDWebImage
    - SKCountryPicker
    - SKPhotoBrowser
    - SkyFloatingLabelTextField
    - Socket.IO-Client-Swift
    - Starscream
    - SVPinView
    - SwiftGifOrigin
    - SwiftMessages
    - SwiftyJSON
    - TesseractOCRiOS
    - TOCropViewController
    - TwilioVoice

SPEC CHECKSUMS:
  Alamofire: ae5c501addb7afdbb13687d7f2f722c78734c2d3
  Cosmos: 3dfb6e4ba48bd48b8c9aa2a77048ae11ed114f96
  CreditCardValidator: 9f0814dd61682c004071a250d89327ca83514a48
  DZNEmptyDataSet: 9525833b9e68ac21c30253e1d3d7076cc828eaa7
  GoogleMaps: 4b5346bddfe6911bb89155d43c903020170523ac
  GooglePlaces: 1634d019549b969d40fe0ccb0b9513055adebe01
  GPUImage: 733a5f0fab92df9de1c37ba9df520a833ccb406d
  IQKeyboardManagerSwift: d2df660d0b8d64a15cb2537c9ff303213fa515b2
  LGSideMenuController: ae40c80983ab8b8801c7cef0a6804d43aaa72d45
  MBProgressHUD: 3ee5efcc380f6a79a7cc9b363dd669c5e1ae7406
  RangeSeekSlider: 650b11fa1edcb92e1e0ede797669d98622570fb5
  SDWebImage: fb387001955223213dde14bc08c8b73f371f8d8f
  SKCountryPicker: d475635e3b2eca17a6909955eef628a298e24652
  SKPhotoBrowser: 343de95d89dc7913763c5dda243cc6e606e4a168
  SkyFloatingLabelTextField: 5a338412114808e961fe2d14ea2c5452c8b6e4aa
  Socket.IO-Client-Swift: 1e3e3a1f09f3312a167f0d781eb2f383d477357c
  Starscream: 4bb2f9942274833f7b4d296a55504dcfc7edb7b0
  SVPinView: 3194be48b8275805244486590b82e6da14d23ca6
  SwiftGifOrigin: fbd6cf37afcfcf97a5c3db996ddc0492e5c5c145
  SwiftMessages: b577dc7043be8b299857ab35bb663dbff6483bd0
  SwiftyJSON: 36413e04c44ee145039d332b4f4e2d3e8d6c4db7
  TesseractOCRiOS: 2c189465f86abb030d0c5141c90da9705b647854
  TOCropViewController: e9da34f484aedd4e5d5a8ab230ba217cfe16c729
  TwilioVoice: 524743a779dfbd4b93ebd15cb0aba9fe678a2beb

PODFILE CHECKSUM: da27307a420413f993c8f15909a20ab363ac7305

COCOAPODS: 1.8.4
